{
  "name": "Dc-Notes",
  "version": "1.0.0",
  "lockfileVersion": 1,
  "requires": true,
  "dependencies": {
    "@vant/weapp": {
      "version": "1.8.0",
      "resolved": "https://registry.npmjs.org/@vant/weapp/-/weapp-1.8.0.tgz",
      "integrity": "sha512-/cHkZpRvzTwZvXNY4AELHdq7kYg30naytMuBUaaoUTZxmFR+W55uKpc4VfPqmG9c5MCIdKfkau4Ftr7FD3AaaA=="
    }
  }
}
